<?xml version="1.0" encoding="utf-8"?>
<Project ToolsVersion="4.0" xmlns="http://schemas.microsoft.com/developer/msbuild/2003">
  <ItemGroup>
    <Filter Include="소스 파일">
      <UniqueIdentifier>{4FC737F1-C7A5-4376-A066-2A32D752A2FF}</UniqueIdentifier>
      <Extensions>cpp;c;cc;cxx;c++;cppm;ixx;def;odl;idl;hpj;bat;asm;asmx</Extensions>
    </Filter>
    <Filter Include="헤더 파일">
      <UniqueIdentifier>{93995380-89BD-4b04-88EB-625FBE52EBFB}</UniqueIdentifier>
      <Extensions>h;hh;hpp;hxx;h++;hm;inl;inc;ipp;xsd</Extensions>
    </Filter>
    <Filter Include="리소스 파일">
      <UniqueIdentifier>{67DA6AB6-F800-4c08-8B7A-83BB121AAD01}</UniqueIdentifier>
      <Extensions>rc;ico;cur;bmp;dlg;rc2;rct;bin;rgs;gif;jpg;jpeg;jpe;resx;tiff;tif;png;wav;mfcribbon-ms</Extensions>
    </Filter>
  </ItemGroup>
  <ItemGroup>
    <ClCompile Include="oop2_Week01.cpp">
      <Filter>소스 파일</Filter>
    </ClCompile>
    <ClCompile Include="oop2_Week02_01.cpp">
      <Filter>소스 파일</Filter>
    </ClCompile>
    <ClCompile Include="oop2_Week02.cpp">
      <Filter>소스 파일</Filter>
    </ClCompile>
    <ClCompile Include="oop2_Week02_02.cpp">
      <Filter>소스 파일</Filter>
    </ClCompile>
    <ClCompile Include="oop2_Week02_03.cpp">
      <Filter>소스 파일</Filter>
    </ClCompile>
    <ClCompile Include="oop2_Week03_02%28구조체 배열%29.cpp">
      <Filter>소스 파일</Filter>
    </ClCompile>
    <ClCompile Include="oop2_Week03.cpp">
      <Filter>소스 파일</Filter>
    </ClCompile>
    <ClCompile Include="oop2_Week03_01%28포인터 배열%29.cpp">
      <Filter>소스 파일</Filter>
    </ClCompile>
    <ClCompile Include="oop2_Week03_02%28구조체와 포인터%29.cpp">
      <Filter>소스 파일</Filter>
    </ClCompile>
    <ClCompile Include="oop2_Week03_02%28구조체 배열2_포인터 출력%29cpp.cpp">
      <Filter>소스 파일</Filter>
    </ClCompile>
    <ClCompile Include="oop2_Week03_03%28공용체%28Union%29%29.cpp">
      <Filter>소스 파일</Filter>
    </ClCompile>
    <ClCompile Include="opp2_Week04_01(열거체).cpp">
      <Filter>소스 파일</Filter>
    </ClCompile>
    <ClCompile Include="oop2_Week04_01(열거체2).cpp">
      <Filter>소스 파일</Filter>
    </ClCompile>
    <ClCompile Include="oop2_Week04_02%28열거체 오류해결%29.cpp">
      <Filter>소스 파일</Filter>
    </ClCompile>
    <ClCompile Include="oop2_Week04_02(레퍼런스).cpp">
      <Filter>소스 파일</Filter>
    </ClCompile>
    <ClCompile Include="oop2_Week04_03%28함수&amp;함수포인터%29.cpp">
      <Filter>소스 파일</Filter>
    </ClCompile>
    <ClCompile Include="oop2_Week04.cpp">
      <Filter>소스 파일</Filter>
    </ClCompile>
    <ClCompile Include="oop2_Week05_01%28람다1%29.cpp">
      <Filter>소스 파일</Filter>
    </ClCompile>
    <ClCompile Include="oop2_Week05_02(람다2).cpp">
      <Filter>소스 파일</Filter>
    </ClCompile>
    <ClCompile Include="oop2_Week05_02(람다3).cpp">
      <Filter>소스 파일</Filter>
    </ClCompile>
    <ClCompile Include="oop2_Week05_03(동적메모리 할당).cpp">
      <Filter>소스 파일</Filter>
    </ClCompile>
    <ClCompile Include="oop2_Week05%281%29.cpp">
      <Filter>소스 파일</Filter>
    </ClCompile>
    <ClCompile Include="oop2_Week05(2).cpp">
      <Filter>소스 파일</Filter>
    </ClCompile>
    <ClCompile Include="oop2_Week06_01%28동적메모리 할당_문자열 뒤집기%29.cpp">
      <Filter>소스 파일</Filter>
    </ClCompile>
    <ClCompile Include="oop2_Week06_01%28동적메모리 할당_문자열 길이,복사%29.cpp">
      <Filter>소스 파일</Filter>
    </ClCompile>
    <ClCompile Include="oop2_Week06_02(문자열).cpp">
      <Filter>소스 파일</Filter>
    </ClCompile>
    <ClCompile Include="oop_Week06_03%28Style 및 문자열%29.cpp">
      <Filter>소스 파일</Filter>
    </ClCompile>
    <ClCompile Include="oop2_Week06_03(헤더파일, 소스파일 분리).cpp">
      <Filter>소스 파일</Filter>
    </ClCompile>
    <ClCompile Include="oop2_Week06_03_ex1.cpp">
      <Filter>소스 파일</Filter>
    </ClCompile>
    <ClCompile Include="oop2_Week06.cpp">
      <Filter>소스 파일</Filter>
    </ClCompile>
    <ClCompile Include="oop_Week06(2).cpp">
      <Filter>소스 파일</Filter>
    </ClCompile>
    <ClCompile Include="oop2_Week07_01(클래스와 객체).cpp">
      <Filter>소스 파일</Filter>
    </ClCompile>
    <ClCompile Include="oop2_Week07_01(클래스의 함수 분리)cpp.cpp">
      <Filter>소스 파일</Filter>
    </ClCompile>
    <ClCompile Include="oop2_Week07%2801%28생성자%29.cpp">
      <Filter>소스 파일</Filter>
    </ClCompile>
    <ClCompile Include="oop2_Week07_02(복사생성자).cpp">
      <Filter>소스 파일</Filter>
    </ClCompile>
    <ClCompile Include="oop2_Week07_02(생성자2).cpp">
      <Filter>소스 파일</Filter>
    </ClCompile>
    <ClCompile Include="oop2_Week07_02%28소멸자%29.cpp">
      <Filter>소스 파일</Filter>
    </ClCompile>
    <ClCompile Include="oop2_Week07_03%28접근제어%29.cpp">
      <Filter>소스 파일</Filter>
    </ClCompile>
    <ClCompile Include="oop2_Week07_03(정적 맴버).cpp">
      <Filter>소스 파일</Filter>
    </ClCompile>
    <ClCompile Include="oop2_Week07_03(인라인).cpp">
      <Filter>소스 파일</Filter>
    </ClCompile>
    <ClCompile Include="oop2_Week07_03(헤더파일 실행_인라인).cpp">
      <Filter>소스 파일</Filter>
    </ClCompile>
    <ClCompile Include="oop2_Week07.cpp">
      <Filter>소스 파일</Filter>
    </ClCompile>
    <ClCompile Include="oop2_Week09cpp.cpp">
      <Filter>소스 파일</Filter>
    </ClCompile>
    <ClCompile Include="oop2_Week12_01(연산자 오버로딩).cpp">
      <Filter>소스 파일</Filter>
    </ClCompile>
    <ClCompile Include="oop2_Week12.cpp">
      <Filter>소스 파일</Filter>
    </ClCompile>
    <ClCompile Include="oop2_Week12_01(일반 함수를 통한 연산자 오버로딩).cpp">
      <Filter>소스 파일</Filter>
    </ClCompile>
    <ClCompile Include="oop2_Week13_01(templates).cpp">
      <Filter>소스 파일</Filter>
    </ClCompile>
    <ClCompile Include="oop2_Week13_01(템플릿 함수).cpp">
      <Filter>소스 파일</Filter>
    </ClCompile>
    <ClCompile Include="oop2_Week13_01%28템플릿 STL-liked list%29.cpp">
      <Filter>소스 파일</Filter>
    </ClCompile>
    <ClCompile Include="oop2_Week13_02(STL).cpp">
      <Filter>소스 파일</Filter>
    </ClCompile>
    <ClCompile Include="oop2_Week13_02%28STL-sort%29.cpp">
      <Filter>소스 파일</Filter>
    </ClCompile>
    <ClCompile Include="oop2_Week13_03(입출력).cpp">
      <Filter>소스 파일</Filter>
    </ClCompile>
  </ItemGroup>
  <ItemGroup>
    <ClInclude Include="oop2_Week06_03_ex1.h">
      <Filter>헤더 파일</Filter>
    </ClInclude>
    <ClInclude Include="oop2_Week07_03(인라인).h">
      <Filter>헤더 파일</Filter>
    </ClInclude>
  </ItemGroup>
</Project>